
Microsoft Visual Studio Solution File, Format Version 12.00
# Visual Studio 15
VisualStudioVersion = 15.0.28307.489
MinimumVisualStudioVersion = 10.0.40219.1
Project("{FAE04EC0-301F-11D3-BF4B-00C04F79EFBC}") = "ArrayTest", "ArrayTest\ArrayTest.csproj", "{8FD395E3-EBB5-4CCB-8957-6839B1A3178A}"
EndProject
Global
	GlobalSection(SolutionConfigurationPlatforms) = preSolution
		Debug|Any CPU = Debug|Any CPU
		Release|Any CPU = Release|Any CPU
	EndGlobalSection
	GlobalSection(ProjectConfigurationPlatforms) = postSolution
		{8FD395E3-EBB5-4CCB-8957-6839B1A3178A}.Debug|Any CPU.ActiveCfg = Debug|Any CPU
		{8FD395E3-EBB5-4CCB-8957-6839B1A3178A}.Debug|Any CPU.Build.0 = Debug|Any CPU
		{8FD395E3-EBB5-4CCB-8957-6839B1A3178A}.Release|Any CPU.ActiveCfg = Release|Any CPU
		{8FD395E3-EBB5-4CCB-8957-6839B1A3178A}.Release|Any CPU.Build.0 = Release|Any CPU
	EndGlobalSection
	GlobalSection(SolutionProperties) = preSolution
		HideSolutionNode = FALSE
	EndGlobalSection
	GlobalSection(ExtensibilityGlobals) = postSolution
		SolutionGuid = {89C88BC8-808D-4AE8-BFE1-FA32E09CB5B5}
	EndGlobalSection
EndGlobal
